// !$*UTF8*$!
{
	archiveVersion = 1;
	classes = {
	};
	objectVersion = 46;
	objects = {

/* Begin PBXBuildFile section */
		F1002E751B0D528B00F9BCC6 /* main.m in Sources */ = {isa = PBXBuildFile; fileRef = F1002E741B0D528B00F9BCC6 /* main.m */; };
		F1002E781B0D528B00F9BCC6 /* AppDelegate.m in Sources */ = {isa = PBXBuildFile; fileRef = F1002E771B0D528B00F9BCC6 /* AppDelegate.m */; };
		F1002E7B1B0D528B00F9BCC6 /* VoiceSearchViewController.m in Sources */ = {isa = PBXBuildFile; fileRef = F1002E7A1B0D528B00F9BCC6 /* VoiceSearchViewController.m */; };
		F1002E7E1B0D528B00F9BCC6 /* TextSearchViewController.m in Sources */ = {isa = PBXBuildFile; fileRef = F1002E7D1B0D528B00F9BCC6 /* TextSearchViewController.m */; };
		F1002E811B0D528B00F9BCC6 /* Main.storyboard in Resources */ = {isa = PBXBuildFile; fileRef = F1002E7F1B0D528B00F9BCC6 /* Main.storyboard */; };
		F1002E831B0D528B00F9BCC6 /* Images.xcassets in Resources */ = {isa = PBXBuildFile; fileRef = F1002E821B0D528B00F9BCC6 /* Images.xcassets */; };
		F1002E861B0D528B00F9BCC6 /* LaunchScreen.xib in Resources */ = {isa = PBXBuildFile; fileRef = F1002E841B0D528B00F9BCC6 /* LaunchScreen.xib */; };
		F101F4221BE1937D00277B49 /* include in Resources */ = {isa = PBXBuildFile; fileRef = F101F4201BE1937D00277B49 /* include */; };
		F101F4241BE1938C00277B49 /* libHoundSDK.a in Frameworks */ = {isa = PBXBuildFile; fileRef = F101F4231BE1938C00277B49 /* libHoundSDK.a */; };
		F1126CB91BCF2CFF00173D35 /* JSONAttributedFormatter.m in Sources */ = {isa = PBXBuildFile; fileRef = F1126CB81BCF2CFF00173D35 /* JSONAttributedFormatter.m */; };
		F134A4431C166AEC00ABB689 /* HoundSDK.xcassets in Resources */ = {isa = PBXBuildFile; fileRef = F134A4421C166AEC00ABB689 /* HoundSDK.xcassets */; };
		F168EB621B0F8D68009391AE /* AVFoundation.framework in Frameworks */ = {isa = PBXBuildFile; fileRef = F168EB611B0F8D68009391AE /* AVFoundation.framework */; };
		F168EB641B0F8D84009391AE /* libz.dylib in Frameworks */ = {isa = PBXBuildFile; fileRef = F168EB631B0F8D84009391AE /* libz.dylib */; };
		F168EB661B0F8E14009391AE /* UIKit.framework in Frameworks */ = {isa = PBXBuildFile; fileRef = F168EB651B0F8E14009391AE /* UIKit.framework */; };
		F168EB681B0F8E24009391AE /* Foundation.framework in Frameworks */ = {isa = PBXBuildFile; fileRef = F168EB671B0F8E24009391AE /* Foundation.framework */; };
		F168EB6A1B0F8E47009391AE /* AudioToolbox.framework in Frameworks */ = {isa = PBXBuildFile; fileRef = F168EB691B0F8E47009391AE /* AudioToolbox.framework */; };
		F168EB6C1B0F8EE8009391AE /* Accelerate.framework in Frameworks */ = {isa = PBXBuildFile; fileRef = F168EB6B1B0F8EE8009391AE /* Accelerate.framework */; };
		F168EB761B0FB1E3009391AE /* libc++.dylib in Frameworks */ = {isa = PBXBuildFile; fileRef = F168EB751B0FB1E3009391AE /* libc++.dylib */; };
		F1782D221B0F88CF00D9B3A3 /* SettingsViewController.m in Sources */ = {isa = PBXBuildFile; fileRef = F1782D211B0F88CF00D9B3A3 /* SettingsViewController.m */; };
		F1B11B1B1B1E8B4F0069E9DF /* RawVoiceSearchViewController.m in Sources */ = {isa = PBXBuildFile; fileRef = F1B11B1A1B1E8B4F0069E9DF /* RawVoiceSearchViewController.m */; };
		F1B11B1E1B1E8E1B0069E9DF /* AudioTester.m in Sources */ = {isa = PBXBuildFile; fileRef = F1B11B1D1B1E8E1B0069E9DF /* AudioTester.m */; };
		F1FC9A2F1BE80BE500B2796C /* AppImages.xcassets in Resources */ = {isa = PBXBuildFile; fileRef = F1FC9A2E1BE80BE500B2796C /* AppImages.xcassets */; };
/* End PBXBuildFile section */

/* Begin PBXFileReference section */
		F1002E6F1B0D528B00F9BCC6 /* HoundSDK Test Application.app */ = {isa = PBXFileReference; explicitFileType = wrapper.application; includeInIndex = 0; path = "HoundSDK Test Application.app"; sourceTree = BUILT_PRODUCTS_DIR; };
		F1002E731B0D528B00F9BCC6 /* Info.plist */ = {isa = PBXFileReference; lastKnownFileType = text.plist.xml; path = Info.plist; sourceTree = "<group>"; };
		F1002E741B0D528B00F9BCC6 /* main.m */ = {isa = PBXFileReference; lastKnownFileType = sourcecode.c.objc; path = main.m; sourceTree = "<group>"; };
		F1002E761B0D528B00F9BCC6 /* AppDelegate.h */ = {isa = PBXFileReference; lastKnownFileType = sourcecode.c.h; path = AppDelegate.h; sourceTree = "<group>"; };
		F1002E771B0D528B00F9BCC6 /* AppDelegate.m */ = {isa = PBXFileReference; lastKnownFileType = sourcecode.c.objc; path = AppDelegate.m; sourceTree = "<group>"; };
		F1002E791B0D528B00F9BCC6 /* VoiceSearchViewController.h */ = {isa = PBXFileReference; lastKnownFileType = sourcecode.c.h; path = VoiceSearchViewController.h; sourceTree = "<group>"; };
		F1002E7A1B0D528B00F9BCC6 /* VoiceSearchViewController.m */ = {isa = PBXFileReference; lastKnownFileType = sourcecode.c.objc; path = VoiceSearchViewController.m; sourceTree = "<group>"; };
		F1002E7C1B0D528B00F9BCC6 /* TextSearchViewController.h */ = {isa = PBXFileReference; lastKnownFileType = sourcecode.c.h; path = TextSearchViewController.h; sourceTree = "<group>"; };
		F1002E7D1B0D528B00F9BCC6 /* TextSearchViewController.m */ = {isa = PBXFileReference; lastKnownFileType = sourcecode.c.objc; path = TextSearchViewController.m; sourceTree = "<group>"; };
		F1002E801B0D528B00F9BCC6 /* Base */ = {isa = PBXFileReference; lastKnownFileType = file.storyboard; name = Base; path = Base.lproj/Main.storyboard; sourceTree = "<group>"; };
		F1002E821B0D528B00F9BCC6 /* Images.xcassets */ = {isa = PBXFileReference; lastKnownFileType = folder.assetcatalog; path = Images.xcassets; sourceTree = "<group>"; };
		F1002E851B0D528B00F9BCC6 /* Base */ = {isa = PBXFileReference; lastKnownFileType = file.xib; name = Base; path = Base.lproj/LaunchScreen.xib; sourceTree = "<group>"; };
		F101F4201BE1937D00277B49 /* include */ = {isa = PBXFileReference; lastKnownFileType = folder; name = include; path = ../HoundSDK/include; sourceTree = "<group>"; };
		F101F4231BE1938C00277B49 /* libHoundSDK.a */ = {isa = PBXFileReference; lastKnownFileType = archive.ar; name = libHoundSDK.a; path = ../HoundSDK/libHoundSDK.a; sourceTree = "<group>"; };
		F1126CB71BCF2CFF00173D35 /* JSONAttributedFormatter.h */ = {isa = PBXFileReference; fileEncoding = 4; lastKnownFileType = sourcecode.c.h; path = JSONAttributedFormatter.h; sourceTree = "<group>"; };
		F1126CB81BCF2CFF00173D35 /* JSONAttributedFormatter.m */ = {isa = PBXFileReference; fileEncoding = 4; lastKnownFileType = sourcecode.c.objc; path = JSONAttributedFormatter.m; sourceTree = "<group>"; };
		F134A4421C166AEC00ABB689 /* HoundSDK.xcassets */ = {isa = PBXFileReference; lastKnownFileType = folder.assetcatalog; name = HoundSDK.xcassets; path = ../HoundSDK/HoundSDK.xcassets; sourceTree = "<group>"; };
		F168EB611B0F8D68009391AE /* AVFoundation.framework */ = {isa = PBXFileReference; lastKnownFileType = wrapper.framework; name = AVFoundation.framework; path = System/Library/Frameworks/AVFoundation.framework; sourceTree = SDKROOT; };
		F168EB631B0F8D84009391AE /* libz.dylib */ = {isa = PBXFileReference; lastKnownFileType = "compiled.mach-o.dylib"; name = libz.dylib; path = usr/lib/libz.dylib; sourceTree = SDKROOT; };
		F168EB651B0F8E14009391AE /* UIKit.framework */ = {isa = PBXFileReference; lastKnownFileType = wrapper.framework; name = UIKit.framework; path = System/Library/Frameworks/UIKit.framework; sourceTree = SDKROOT; };
		F168EB671B0F8E24009391AE /* Foundation.framework */ = {isa = PBXFileReference; lastKnownFileType = wrapper.framework; name = Foundation.framework; path = System/Library/Frameworks/Foundation.framework; sourceTree = SDKROOT; };
		F168EB691B0F8E47009391AE /* AudioToolbox.framework */ = {isa = PBXFileReference; lastKnownFileType = wrapper.framework; name = AudioToolbox.framework; path = System/Library/Frameworks/AudioToolbox.framework; sourceTree = SDKROOT; };
		F168EB6B1B0F8EE8009391AE /* Accelerate.framework */ = {isa = PBXFileReference; lastKnownFileType = wrapper.framework; name = Accelerate.framework; path = System/Library/Frameworks/Accelerate.framework; sourceTree = SDKROOT; };
		F168EB751B0FB1E3009391AE /* libc++.dylib */ = {isa = PBXFileReference; lastKnownFileType = "compiled.mach-o.dylib"; name = "libc++.dylib"; path = "/Applications/Xcode.app/Contents/Developer/Platforms/iPhoneOS.platform/Developer/SDKs/iPhoneOS8.3.sdk/usr/lib/libc++.dylib"; sourceTree = "<absolute>"; };
		F1782D201B0F88CF00D9B3A3 /* SettingsViewController.h */ = {isa = PBXFileReference; fileEncoding = 4; lastKnownFileType = sourcecode.c.h; path = SettingsViewController.h; sourceTree = "<group>"; };
		F1782D211B0F88CF00D9B3A3 /* SettingsViewController.m */ = {isa = PBXFileReference; fileEncoding = 4; lastKnownFileType = sourcecode.c.objc; path = SettingsViewController.m; sourceTree = "<group>"; };
		F1B11B191B1E8B4F0069E9DF /* RawVoiceSearchViewController.h */ = {isa = PBXFileReference; fileEncoding = 4; lastKnownFileType = sourcecode.c.h; path = RawVoiceSearchViewController.h; sourceTree = "<group>"; };
		F1B11B1A1B1E8B4F0069E9DF /* RawVoiceSearchViewController.m */ = {isa = PBXFileReference; fileEncoding = 4; lastKnownFileType = sourcecode.c.objc; path = RawVoiceSearchViewController.m; sourceTree = "<group>"; };
		F1B11B1C1B1E8E1B0069E9DF /* AudioTester.h */ = {isa = PBXFileReference; fileEncoding = 4; lastKnownFileType = sourcecode.c.h; path = AudioTester.h; sourceTree = "<group>"; };
		F1B11B1D1B1E8E1B0069E9DF /* AudioTester.m */ = {isa = PBXFileReference; fileEncoding = 4; lastKnownFileType = sourcecode.c.objc; path = AudioTester.m; sourceTree = "<group>"; };
		F1FC9A2E1BE80BE500B2796C /* AppImages.xcassets */ = {isa = PBXFileReference; lastKnownFileType = folder.assetcatalog; path = AppImages.xcassets; sourceTree = "<group>"; };
/* End PBXFileReference section */

/* Begin PBXFrameworksBuildPhase section */
		F1002E6C1B0D528B00F9BCC6 /* Frameworks */ = {
			isa = PBXFrameworksBuildPhase;
			buildActionMask = 2147483647;
			files = (
				F168EB6C1B0F8EE8009391AE /* Accelerate.framework in Frameworks */,
				F168EB6A1B0F8E47009391AE /* AudioToolbox.framework in Frameworks */,
				F168EB681B0F8E24009391AE /* Foundation.framework in Frameworks */,
				F101F4241BE1938C00277B49 /* libHoundSDK.a in Frameworks */,
				F168EB661B0F8E14009391AE /* UIKit.framework in Frameworks */,
				F168EB641B0F8D84009391AE /* libz.dylib in Frameworks */,
				F168EB621B0F8D68009391AE /* AVFoundation.framework in Frameworks */,
				F168EB761B0FB1E3009391AE /* libc++.dylib in Frameworks */,
			);
			runOnlyForDeploymentPostprocessing = 0;
		};
/* End PBXFrameworksBuildPhase section */

/* Begin PBXGroup section */
		F1002E661B0D528B00F9BCC6 = {
			isa = PBXGroup;
			children = (
				F1002E711B0D528B00F9BCC6 /* HoundSDK Test Application */,
				F101F41E1BE1936900277B49 /* HoundSDK */,
				F1002E701B0D528B00F9BCC6 /* Products */,
			);
			sourceTree = "<group>";
		};
		F1002E701B0D528B00F9BCC6 /* Products */ = {
			isa = PBXGroup;
			children = (
				F1002E6F1B0D528B00F9BCC6 /* HoundSDK Test Application.app */,
			);
			name = Products;
			sourceTree = "<group>";
		};
		F1002E711B0D528B00F9BCC6 /* HoundSDK Test Application */ = {
			isa = PBXGroup;
			children = (
				F1002E761B0D528B00F9BCC6 /* AppDelegate.h */,
				F1002E771B0D528B00F9BCC6 /* AppDelegate.m */,
				F1002E7F1B0D528B00F9BCC6 /* Main.storyboard */,
				F175D4161BE02A650071540F /* View Controllers */,
				F175D4171BE02A720071540F /* Utility Classes */,
				F175D4181BE02A920071540F /* Resources */,
				F1002E721B0D528B00F9BCC6 /* Supporting Files */,
				F168EB601B0F8D41009391AE /* Frameworks */,
			);
			path = "HoundSDK Test Application";
			sourceTree = "<group>";
		};
		F1002E721B0D528B00F9BCC6 /* Supporting Files */ = {
			isa = PBXGroup;
			children = (
				F1002E731B0D528B00F9BCC6 /* Info.plist */,
				F1002E741B0D528B00F9BCC6 /* main.m */,
			);
			name = "Supporting Files";
			sourceTree = "<group>";
		};
		F101F41E1BE1936900277B49 /* HoundSDK */ = {
			isa = PBXGroup;
			children = (
				F134A4421C166AEC00ABB689 /* HoundSDK.xcassets */,
				F101F4201BE1937D00277B49 /* include */,
				F101F4231BE1938C00277B49 /* libHoundSDK.a */,
			);
			name = HoundSDK;
			sourceTree = "<group>";
		};
		F168EB601B0F8D41009391AE /* Frameworks */ = {
			isa = PBXGroup;
			children = (
				F168EB671B0F8E24009391AE /* Foundation.framework */,
				F168EB651B0F8E14009391AE /* UIKit.framework */,
				F168EB691B0F8E47009391AE /* AudioToolbox.framework */,
				F168EB611B0F8D68009391AE /* AVFoundation.framework */,
				F168EB6B1B0F8EE8009391AE /* Accelerate.framework */,
				F168EB631B0F8D84009391AE /* libz.dylib */,
				F168EB751B0FB1E3009391AE /* libc++.dylib */,
			);
			name = Frameworks;
			sourceTree = "<group>";
		};
		F175D4161BE02A650071540F /* View Controllers */ = {
			isa = PBXGroup;
			children = (
				F1002E791B0D528B00F9BCC6 /* VoiceSearchViewController.h */,
				F1002E7A1B0D528B00F9BCC6 /* VoiceSearchViewController.m */,
				F1B11B191B1E8B4F0069E9DF /* RawVoiceSearchViewController.h */,
				F1B11B1A1B1E8B4F0069E9DF /* RawVoiceSearchViewController.m */,
				F1002E7C1B0D528B00F9BCC6 /* TextSearchViewController.h */,
				F1002E7D1B0D528B00F9BCC6 /* TextSearchViewController.m */,
				F1782D201B0F88CF00D9B3A3 /* SettingsViewController.h */,
				F1782D211B0F88CF00D9B3A3 /* SettingsViewController.m */,
			);
			name = "View Controllers";
			sourceTree = "<group>";
		};
		F175D4171BE02A720071540F /* Utility Classes */ = {
			isa = PBXGroup;
			children = (
				F1B11B1C1B1E8E1B0069E9DF /* AudioTester.h */,
				F1B11B1D1B1E8E1B0069E9DF /* AudioTester.m */,
				F1126CB71BCF2CFF00173D35 /* JSONAttributedFormatter.h */,
				F1126CB81BCF2CFF00173D35 /* JSONAttributedFormatter.m */,
			);
			name = "Utility Classes";
			sourceTree = "<group>";
		};
		F175D4181BE02A920071540F /* Resources */ = {
			isa = PBXGroup;
			children = (
				F1FC9A2E1BE80BE500B2796C /* AppImages.xcassets */,
				F1002E821B0D528B00F9BCC6 /* Images.xcassets */,
				F1002E841B0D528B00F9BCC6 /* LaunchScreen.xib */,
			);
			name = Resources;
			sourceTree = "<group>";
		};
/* End PBXGroup section */

/* Begin PBXNativeTarget section */
		F1002E6E1B0D528B00F9BCC6 /* HoundSDK Test Application */ = {
			isa = PBXNativeTarget;
			buildConfigurationList = F1002E951B0D528B00F9BCC6 /* Build configuration list for PBXNativeTarget "HoundSDK Test Application" */;
			buildPhases = (
				F1002E6B1B0D528B00F9BCC6 /* Sources */,
				F1002E6C1B0D528B00F9BCC6 /* Frameworks */,
				F1002E6D1B0D528B00F9BCC6 /* Resources */,
			);
			buildRules = (
			);
			dependencies = (
			);
			name = "HoundSDK Test Application";
			productName = "HoundSDK Test Application";
			productReference = F1002E6F1B0D528B00F9BCC6 /* HoundSDK Test Application.app */;
			productType = "com.apple.product-type.application";
		};
/* End PBXNativeTarget section */

/* Begin PBXProject section */
		F1002E671B0D528B00F9BCC6 /* Project object */ = {
			isa = PBXProject;
			attributes = {
				LastUpgradeCheck = 0630;
				ORGANIZATIONNAME = "SoundHound, Inc.";
				TargetAttributes = {
					F1002E6E1B0D528B00F9BCC6 = {
						CreatedOnToolsVersion = 6.3.1;
					};
				};
			};
			buildConfigurationList = F1002E6A1B0D528B00F9BCC6 /* Build configuration list for PBXProject "HoundSDK Test Application" */;
			compatibilityVersion = "Xcode 3.2";
			developmentRegion = English;
			hasScannedForEncodings = 0;
			knownRegions = (
				en,
				Base,
			);
			mainGroup = F1002E661B0D528B00F9BCC6;
			productRefGroup = F1002E701B0D528B00F9BCC6 /* Products */;
			projectDirPath = "";
			projectRoot = "";
			targets = (
				F1002E6E1B0D528B00F9BCC6 /* HoundSDK Test Application */,
			);
		};
/* End PBXProject section */

/* Begin PBXResourcesBuildPhase section */
		F1002E6D1B0D528B00F9BCC6 /* Resources */ = {
			isa = PBXResourcesBuildPhase;
			buildActionMask = 2147483647;
			files = (
				F1002E811B0D528B00F9BCC6 /* Main.storyboard in Resources */,
				F1FC9A2F1BE80BE500B2796C /* AppImages.xcassets in Resources */,
				F1002E861B0D528B00F9BCC6 /* LaunchScreen.xib in Resources */,
				F101F4221BE1937D00277B49 /* include in Resources */,
				F1002E831B0D528B00F9BCC6 /* Images.xcassets in Resources */,
				F134A4431C166AEC00ABB689 /* HoundSDK.xcassets in Resources */,
			);
			runOnlyForDeploymentPostprocessing = 0;
		};
/* End PBXResourcesBuildPhase section */

/* Begin PBXSourcesBuildPhase section */
		F1002E6B1B0D528B00F9BCC6 /* Sources */ = {
			isa = PBXSourcesBuildPhase;
			buildActionMask = 2147483647;
			files = (
				F1B11B1B1B1E8B4F0069E9DF /* RawVoiceSearchViewController.m in Sources */,
				F1B11B1E1B1E8E1B0069E9DF /* AudioTester.m in Sources */,
				F1126CB91BCF2CFF00173D35 /* JSONAttributedFormatter.m in Sources */,
				F1002E7E1B0D528B00F9BCC6 /* TextSearchViewController.m in Sources */,
				F1002E781B0D528B00F9BCC6 /* AppDelegate.m in Sources */,
				F1782D221B0F88CF00D9B3A3 /* SettingsViewController.m in Sources */,
				F1002E7B1B0D528B00F9BCC6 /* VoiceSearchViewController.m in Sources */,
				F1002E751B0D528B00F9BCC6 /* main.m in Sources */,
			);
			runOnlyForDeploymentPostprocessing = 0;
		};
/* End PBXSourcesBuildPhase section */

/* Begin PBXVariantGroup section */
		F1002E7F1B0D528B00F9BCC6 /* Main.storyboard */ = {
			isa = PBXVariantGroup;
			children = (
				F1002E801B0D528B00F9BCC6 /* Base */,
			);
			name = Main.storyboard;
			sourceTree = "<group>";
		};
		F1002E841B0D528B00F9BCC6 /* LaunchScreen.xib */ = {
			isa = PBXVariantGroup;
			children = (
				F1002E851B0D528B00F9BCC6 /* Base */,
			);
			name = LaunchScreen.xib;
			sourceTree = "<group>";
		};
/* End PBXVariantGroup section */

/* Begin XCBuildConfiguration section */
		F1002E931B0D528B00F9BCC6 /* Debug */ = {
			isa = XCBuildConfiguration;
			buildSettings = {
				ALWAYS_SEARCH_USER_PATHS = NO;
				CLANG_CXX_LANGUAGE_STANDARD = "gnu++0x";
				CLANG_CXX_LIBRARY = "libc++";
				CLANG_ENABLE_MODULES = YES;
				CLANG_ENABLE_OBJC_ARC = YES;
				CLANG_WARN_BOOL_CONVERSION = YES;
				CLANG_WARN_CONSTANT_CONVERSION = YES;
				CLANG_WARN_DIRECT_OBJC_ISA_USAGE = YES_ERROR;
				CLANG_WARN_EMPTY_BODY = YES;
				CLANG_WARN_ENUM_CONVERSION = YES;
				CLANG_WARN_INT_CONVERSION = YES;
				CLANG_WARN_OBJC_ROOT_CLASS = YES_ERROR;
				CLANG_WARN_UNREACHABLE_CODE = YES;
				CLANG_WARN__DUPLICATE_METHOD_MATCH = YES;
				"CODE_SIGN_IDENTITY[sdk=iphoneos*]" = "iPhone Developer";
				COPY_PHASE_STRIP = NO;
				DEBUG_INFORMATION_FORMAT = "dwarf-with-dsym";
				ENABLE_STRICT_OBJC_MSGSEND = YES;
				GCC_C_LANGUAGE_STANDARD = gnu99;
				GCC_DYNAMIC_NO_PIC = NO;
				GCC_NO_COMMON_BLOCKS = YES;
				GCC_OPTIMIZATION_LEVEL = 0;
				GCC_PREPROCESSOR_DEFINITIONS = (
					"DEBUG=1",
					"$(inherited)",
				);
				GCC_SYMBOLS_PRIVATE_EXTERN = NO;
				GCC_WARN_64_TO_32_BIT_CONVERSION = YES;
				GCC_WARN_ABOUT_RETURN_TYPE = YES_ERROR;
				GCC_WARN_UNDECLARED_SELECTOR = YES;
				GCC_WARN_UNINITIALIZED_AUTOS = YES_AGGRESSIVE;
				GCC_WARN_UNUSED_FUNCTION = YES;
				GCC_WARN_UNUSED_VARIABLE = YES;
				IPHONEOS_DEPLOYMENT_TARGET = 8.3;
				MTL_ENABLE_DEBUG_INFO = YES;
				ONLY_ACTIVE_ARCH = YES;
				SDKROOT = iphoneos;
			};
			name = Debug;
		};
		F1002E941B0D528B00F9BCC6 /* Release */ = {
			isa = XCBuildConfiguration;
			buildSettings = {
				ALWAYS_SEARCH_USER_PATHS = NO;
				CLANG_CXX_LANGUAGE_STANDARD = "gnu++0x";
				CLANG_CXX_LIBRARY = "libc++";
				CLANG_ENABLE_MODULES = YES;
				CLANG_ENABLE_OBJC_ARC = YES;
				CLANG_WARN_BOOL_CONVERSION = YES;
				CLANG_WARN_CONSTANT_CONVERSION = YES;
				CLANG_WARN_DIRECT_OBJC_ISA_USAGE = YES_ERROR;
				CLANG_WARN_EMPTY_BODY = YES;
				CLANG_WARN_ENUM_CONVERSION = YES;
				CLANG_WARN_INT_CONVERSION = YES;
				CLANG_WARN_OBJC_ROOT_CLASS = YES_ERROR;
				CLANG_WARN_UNREACHABLE_CODE = YES;
				CLANG_WARN__DUPLICATE_METHOD_MATCH = YES;
				"CODE_SIGN_IDENTITY[sdk=iphoneos*]" = "iPhone Developer";
				COPY_PHASE_STRIP = NO;
				DEBUG_INFORMATION_FORMAT = "dwarf-with-dsym";
				ENABLE_NS_ASSERTIONS = NO;
				ENABLE_STRICT_OBJC_MSGSEND = YES;
				GCC_C_LANGUAGE_STANDARD = gnu99;
				GCC_NO_COMMON_BLOCKS = YES;
				GCC_WARN_64_TO_32_BIT_CONVERSION = YES;
				GCC_WARN_ABOUT_RETURN_TYPE = YES_ERROR;
				GCC_WARN_UNDECLARED_SELECTOR = YES;
				GCC_WARN_UNINITIALIZED_AUTOS = YES_AGGRESSIVE;
				GCC_WARN_UNUSED_FUNCTION = YES;
				GCC_WARN_UNUSED_VARIABLE = YES;
				IPHONEOS_DEPLOYMENT_TARGET = 8.3;
				MTL_ENABLE_DEBUG_INFO = NO;
				SDKROOT = iphoneos;
				VALIDATE_PRODUCT = YES;
			};
			name = Release;
		};
		F1002E961B0D528B00F9BCC6 /* Debug */ = {
			isa = XCBuildConfiguration;
			buildSettings = {
				ASSETCATALOG_COMPILER_APPICON_NAME = AppIcon;
				ASSETCATALOG_COMPILER_LAUNCHIMAGE_NAME = LaunchImage;
				DEBUG_INFORMATION_FORMAT = dwarf;
				ENABLE_BITCODE = YES;
				FRAMEWORK_SEARCH_PATHS = "$(inherited)";
				HEADER_SEARCH_PATHS = (
					"$(inherited)",
					/Applications/Xcode.app/Contents/Developer/Toolchains/XcodeDefault.xctoolchain/usr/include,
					../HoundSDK/include/,
				);
				INFOPLIST_FILE = "HoundSDK Test Application/Info.plist";
				IPHONEOS_DEPLOYMENT_TARGET = 8.0;
				LD_RUNPATH_SEARCH_PATHS = "$(inherited) @executable_path/Frameworks";
				LIBRARY_SEARCH_PATHS = (
					"$(inherited)",
					../HoundSDK/,
				);
				PRODUCT_NAME = "$(TARGET_NAME)";
			};
			name = Debug;
		};
		F1002E971B0D528B00F9BCC6 /* Release */ = {
			isa = XCBuildConfiguration;
			buildSettings = {
				ASSETCATALOG_COMPILER_APPICON_NAME = AppIcon;
				ASSETCATALOG_COMPILER_LAUNCHIMAGE_NAME = LaunchImage;
				DEBUG_INFORMATION_FORMAT = dwarf;
				ENABLE_BITCODE = YES;
				FRAMEWORK_SEARCH_PATHS = "$(inherited)";
				HEADER_SEARCH_PATHS = (
					"$(inherited)",
					/Applications/Xcode.app/Contents/Developer/Toolchains/XcodeDefault.xctoolchain/usr/include,
					../HoundSDK/include/,
				);
				INFOPLIST_FILE = "HoundSDK Test Application/Info.plist";
				IPHONEOS_DEPLOYMENT_TARGET = 8.0;
				LD_RUNPATH_SEARCH_PATHS = "$(inherited) @executable_path/Frameworks";
				LIBRARY_SEARCH_PATHS = (
					"$(inherited)",
					../HoundSDK/,
				);
				PRODUCT_NAME = "$(TARGET_NAME)";
			};
			name = Release;
		};
/* End XCBuildConfiguration section */

/* Begin XCConfigurationList section */
		F1002E6A1B0D528B00F9BCC6 /* Build configuration list for PBXProject "HoundSDK Test Application" */ = {
			isa = XCConfigurationList;
			buildConfigurations = (
				F1002E931B0D528B00F9BCC6 /* Debug */,
				F1002E941B0D528B00F9BCC6 /* Release */,
			);
			defaultConfigurationIsVisible = 0;
			defaultConfigurationName = Release;
		};
		F1002E951B0D528B00F9BCC6 /* Build configuration list for PBXNativeTarget "HoundSDK Test Application" */ = {
			isa = XCConfigurationList;
			buildConfigurations = (
				F1002E961B0D528B00F9BCC6 /* Debug */,
				F1002E971B0D528B00F9BCC6 /* Release */,
			);
			defaultConfigurationIsVisible = 0;
			defaultConfigurationName = Release;
		};
/* End XCConfigurationList section */
	};
	rootObject = F1002E671B0D528B00F9BCC6 /* Project object */;
}
